
Microsoft Visual Studio Solution File, Format Version 12.00
# Visual Studio Version 17
VisualStudioVersion = 17.4.33205.214
MinimumVisualStudioVersion = 10.0.40219.1
Project("{9A19103F-16F7-4668-BE54-9A1E7A4F7556}") = "BrRecipeXmlToCsvConverter.Tests", "BrRecipeXmlToCsvConverter.Tests\BrRecipeXmlToCsvConverter.Tests.csproj", "{DD87ECCF-99D0-4026-9DDC-2405D4041676}"
EndProject
Global
	GlobalSection(SolutionConfigurationPlatforms) = preSolution
		Debug|Any CPU = Debug|Any CPU
		Release|Any CPU = Release|Any CPU
	EndGlobalSection
	GlobalSection(ProjectConfigurationPlatforms) = postSolution
		{DD87ECCF-99D0-4026-9DDC-2405D4041676}.Debug|Any CPU.ActiveCfg = Debug|Any CPU
		{DD87ECCF-99D0-4026-9DDC-2405D4041676}.Debug|Any CPU.Build.0 = Debug|Any CPU
		{DD87ECCF-99D0-4026-9DDC-2405D4041676}.Release|Any CPU.ActiveCfg = Release|Any CPU
		{DD87ECCF-99D0-4026-9DDC-2405D4041676}.Release|Any CPU.Build.0 = Release|Any CPU
	EndGlobalSection
	GlobalSection(SolutionProperties) = preSolution
		HideSolutionNode = FALSE
	EndGlobalSection
	GlobalSection(ExtensibilityGlobals) = postSolution
		SolutionGuid = {DA544400-59F5-419B-93A3-77DFC521FE65}
	EndGlobalSection
EndGlobal
